# config/league_clock.yaml — the league's own clock (ADR Domain 2).
#
# Read at runtime ONLY by src/ffi/league_state/clock.py (Plan 2) and, for
# validation only, by scripts/validate_league_clock.py. Every scheduled job
# time is DERIVED from a deadline in this file rather than hardcoded, so a
# cadence/deadline mismatch is a config error someone can see instead of a
# structural defeat (R2, L8xI9=72 — the largest addressable risk in the
# register).
#
# TWO MARKER CONVENTIONS, both enforced by scripts/validate_league_clock.py:
#   value `UNSET`            -> not yet observed; P3 must fit it from data
#   `<field>_verified: false` -> transcribed from league_rules.md but NOT
#                                diffed against the live 2026 settings page
#
# Consuming either kind of field from src/ or scripts/ fails the validator
# (exit 1). Fail-closed: window-2 clear-time alerting stays disabled until
# clear_award_mechanism is observed (ADR Domain 1).
as_of: 2026-09-14
source: league_rules.md (dated 2025) — NOT yet diffed against the live 2026 settings page (R16)
timezone: America/Los_Angeles

# --- Populated from league_rules.md, structurally stable ---------------------
league_id: 326814
teams: 12
waiver_type: continual_rolling_list
waivers_process_day: tuesday        # "Weekly Waivers: Game Time - Tuesday"
waiver_period_days: 1               # "Waiver Time: 1 day"
weekly_acquisition_limit: 5         # "Weekly Acquisitions: Maximum 5"
season_acquisition_limit: 65        # "Season Acquisitions: Maximum 65"
ir_direct_add: false                # "IR Direct Add: No"
season_first_game_date: 2026-09-10  # Thursday after Labor Day 2026

# --- P3 OBSERVED MECHANICS — fitted from the transaction log where noted ----
# These are NOT settings-page readings. R4 asked whether "drop + 1 day" is
# a batch boundary and whether the post-clear award is priority or FCFS.
# RESOLVED 2026-09-14 from the NAJEE transaction log (2025 season,
# league_key 461.l.326814, 385 drops / 402 adds):
#   - The waiver batch runs at 01:00 PT the morning AFTER the transcribed
#     claim day (84 adds at Wed 01:00 in 2025, 45 in 2024, done by ~02:00).
#   - A drop goes on waivers for waiver_period_days; if unclaimed it CLEARS
#     TO FREE AGENCY at drop+1day, same local clock time — NOT batch-gated.
#     Proof: 146 of 196 dropped-then-re-added players came back with
#     source_type 'freeagents' at arbitrary hours, including FA adds BEFORE
#     the next weekly batch (Sat 16:12 drop -> Wed 00:27 FA add). FCFS.
#   - Nobody in the league snipes the clear moment: fastest re-add of a
#     dropped player was 39.3h after the drop (median 310h). Window 2 is
#     real and unexploited.
# R16 caveat: diff against the live 2026 settings page when convenient.
waiver_processing_hour: 1              # observed: claims process 01:00 PT (R2)
clear_award_mechanism: fcfs            # observed: cleared players are plain FAs (R4)
weekend_drop_clear_behavior: clear_at_24h  # observed: Sunday drop clears Monday, same clock time
move_count_reset_boundary: UNSET       # when the weekly 5-move counter resets (R21)

# --- Transcribed from a 2025 document; NOT verified against 2026 -------------
# league_rules.md literally says "Trade Deadline: November 22, 2025". The
# 2026 value is an inference. A commissioner change at renewal poisons the
# ledger, the clear math and the priority model simultaneously (R16).
trade_deadline: 2026-11-22
trade_deadline_verified: false
playoff_weeks: [15, 16, 17]
playoff_weeks_verified: false
playoff_teams: 6
playoff_teams_verified: false
